
Microsoft Visual Studio Solution File, Format Version 12.00
# Visual Studio 14
VisualStudioVersion = 14.0.24720.0
MinimumVisualStudioVersion = 10.0.40219.1
Project("{FAE04EC0-301F-11D3-BF4B-00C04F79EFBC}") = "Fiap.Exemplo03.UI.Console", "Fiap.Exemplo03.UI.Console\Fiap.Exemplo03.UI.Console.csproj", "{5E79C847-E673-48AA-9B12-0D3E0EE3E27F}"
EndProject
Project("{FAE04EC0-301F-11D3-BF4B-00C04F79EFBC}") = "Fiap.Exemplo04.Web", "Fiap.Exemplo04.Web\Fiap.Exemplo04.Web.csproj", "{8C9A1B79-1D13-43C0-9000-1175353545C9}"
EndProject
Global
	GlobalSection(SolutionConfigurationPlatforms) = preSolution
		Debug|Any CPU = Debug|Any CPU
		Release|Any CPU = Release|Any CPU
	EndGlobalSection
	GlobalSection(ProjectConfigurationPlatforms) = postSolution
		{5E79C847-E673-48AA-9B12-0D3E0EE3E27F}.Debug|Any CPU.ActiveCfg = Debug|Any CPU
		{5E79C847-E673-48AA-9B12-0D3E0EE3E27F}.Debug|Any CPU.Build.0 = Debug|Any CPU
		{5E79C847-E673-48AA-9B12-0D3E0EE3E27F}.Release|Any CPU.ActiveCfg = Release|Any CPU
		{5E79C847-E673-48AA-9B12-0D3E0EE3E27F}.Release|Any CPU.Build.0 = Release|Any CPU
		{8C9A1B79-1D13-43C0-9000-1175353545C9}.Debug|Any CPU.ActiveCfg = Debug|Any CPU
		{8C9A1B79-1D13-43C0-9000-1175353545C9}.Debug|Any CPU.Build.0 = Debug|Any CPU
		{8C9A1B79-1D13-43C0-9000-1175353545C9}.Release|Any CPU.ActiveCfg = Release|Any CPU
		{8C9A1B79-1D13-43C0-9000-1175353545C9}.Release|Any CPU.Build.0 = Release|Any CPU
	EndGlobalSection
	GlobalSection(SolutionProperties) = preSolution
		HideSolutionNode = FALSE
	EndGlobalSection
EndGlobal
